
Microsoft Visual Studio Solution File, Format Version 12.00
# Visual Studio Version 17
VisualStudioVersion = 17.3.32901.215
MinimumVisualStudioVersion = 10.0.40219.1
Project("{FAE04EC0-301F-11D3-BF4B-00C04F79EFBC}") = "Ejercicio1", "Parte A\Ejercicio1.csproj", "{9BF11AA8-17B7-4941-809E-A381D0F08459}"
EndProject
Project("{2150E333-8FDC-42A3-9474-1A3956D46DE8}") = "PARTE A", "PARTE A", "{09F3756C-BDF9-4A29-A635-4E26EB84B344}"
EndProject
Project("{FAE04EC0-301F-11D3-BF4B-00C04F79EFBC}") = "Ejercicio2", "Ejercicio2\Ejercicio2.csproj", "{61C083C2-16E3-4A78-814D-DE4DEF57C7EF}"
EndProject
Project("{FAE04EC0-301F-11D3-BF4B-00C04F79EFBC}") = "Ejercicio3", "Ejercicio3\Ejercicio3.csproj", "{8679703F-E3BB-4764-A152-99FAABDF7D24}"
EndProject
Project("{FAE04EC0-301F-11D3-BF4B-00C04F79EFBC}") = "Ejercicio4", "ConsoleApp1\Ejercicio4.csproj", "{85F89F9D-58A4-4529-BDF5-EA79FB8EA42D}"
EndProject
Project("{FAE04EC0-301F-11D3-BF4B-00C04F79EFBC}") = "Ejercicio5", "Ejercicio5\Ejercicio5.csproj", "{F7B4B2F5-042F-46CA-A3C1-9974595847FE}"
EndProject
Global
	GlobalSection(SolutionConfigurationPlatforms) = preSolution
		Debug|Any CPU = Debug|Any CPU
		Release|Any CPU = Release|Any CPU
	EndGlobalSection
	GlobalSection(ProjectConfigurationPlatforms) = postSolution
		{9BF11AA8-17B7-4941-809E-A381D0F08459}.Debug|Any CPU.ActiveCfg = Debug|Any CPU
		{9BF11AA8-17B7-4941-809E-A381D0F08459}.Debug|Any CPU.Build.0 = Debug|Any CPU
		{9BF11AA8-17B7-4941-809E-A381D0F08459}.Release|Any CPU.ActiveCfg = Release|Any CPU
		{9BF11AA8-17B7-4941-809E-A381D0F08459}.Release|Any CPU.Build.0 = Release|Any CPU
		{61C083C2-16E3-4A78-814D-DE4DEF57C7EF}.Debug|Any CPU.ActiveCfg = Debug|Any CPU
		{61C083C2-16E3-4A78-814D-DE4DEF57C7EF}.Debug|Any CPU.Build.0 = Debug|Any CPU
		{61C083C2-16E3-4A78-814D-DE4DEF57C7EF}.Release|Any CPU.ActiveCfg = Release|Any CPU
		{61C083C2-16E3-4A78-814D-DE4DEF57C7EF}.Release|Any CPU.Build.0 = Release|Any CPU
		{8679703F-E3BB-4764-A152-99FAABDF7D24}.Debug|Any CPU.ActiveCfg = Debug|Any CPU
		{8679703F-E3BB-4764-A152-99FAABDF7D24}.Debug|Any CPU.Build.0 = Debug|Any CPU
		{8679703F-E3BB-4764-A152-99FAABDF7D24}.Release|Any CPU.ActiveCfg = Release|Any CPU
		{8679703F-E3BB-4764-A152-99FAABDF7D24}.Release|Any CPU.Build.0 = Release|Any CPU
		{85F89F9D-58A4-4529-BDF5-EA79FB8EA42D}.Debug|Any CPU.ActiveCfg = Debug|Any CPU
		{85F89F9D-58A4-4529-BDF5-EA79FB8EA42D}.Debug|Any CPU.Build.0 = Debug|Any CPU
		{85F89F9D-58A4-4529-BDF5-EA79FB8EA42D}.Release|Any CPU.ActiveCfg = Release|Any CPU
		{85F89F9D-58A4-4529-BDF5-EA79FB8EA42D}.Release|Any CPU.Build.0 = Release|Any CPU
		{F7B4B2F5-042F-46CA-A3C1-9974595847FE}.Debug|Any CPU.ActiveCfg = Debug|Any CPU
		{F7B4B2F5-042F-46CA-A3C1-9974595847FE}.Debug|Any CPU.Build.0 = Debug|Any CPU
		{F7B4B2F5-042F-46CA-A3C1-9974595847FE}.Release|Any CPU.ActiveCfg = Release|Any CPU
		{F7B4B2F5-042F-46CA-A3C1-9974595847FE}.Release|Any CPU.Build.0 = Release|Any CPU
	EndGlobalSection
	GlobalSection(SolutionProperties) = preSolution
		HideSolutionNode = FALSE
	EndGlobalSection
	GlobalSection(NestedProjects) = preSolution
		{9BF11AA8-17B7-4941-809E-A381D0F08459} = {09F3756C-BDF9-4A29-A635-4E26EB84B344}
		{61C083C2-16E3-4A78-814D-DE4DEF57C7EF} = {09F3756C-BDF9-4A29-A635-4E26EB84B344}
		{8679703F-E3BB-4764-A152-99FAABDF7D24} = {09F3756C-BDF9-4A29-A635-4E26EB84B344}
		{85F89F9D-58A4-4529-BDF5-EA79FB8EA42D} = {09F3756C-BDF9-4A29-A635-4E26EB84B344}
		{F7B4B2F5-042F-46CA-A3C1-9974595847FE} = {09F3756C-BDF9-4A29-A635-4E26EB84B344}
	EndGlobalSection
	GlobalSection(ExtensibilityGlobals) = postSolution
		SolutionGuid = {B30E548C-9DA3-4978-B4D0-B95FB01FD08B}
	EndGlobalSection
EndGlobal
