
Microsoft Visual Studio Solution File, Format Version 12.00
# Visual Studio Version 17
VisualStudioVersion = 17.3.32901.215
MinimumVisualStudioVersion = 10.0.40219.1
Project("{FAE04EC0-301F-11D3-BF4B-00C04F79EFBC}") = "Ejercicio1", "Ejercicio1\Ejercicio1.csproj", "{313E23BA-FB2F-4902-85D1-CA2C39979474}"
EndProject
Project("{FAE04EC0-301F-11D3-BF4B-00C04F79EFBC}") = "Ejercicio2", "Ejercicio2\Ejercicio2.csproj", "{94F2E078-2441-4023-84BF-BBA6E40B0A06}"
EndProject
Project("{FAE04EC0-301F-11D3-BF4B-00C04F79EFBC}") = "Ejercicio3", "Ejercicio3\Ejercicio3.csproj", "{9DFCF265-6F76-4603-9957-ED7DDAAE674C}"
EndProject
Project("{FAE04EC0-301F-11D3-BF4B-00C04F79EFBC}") = "Ejercicio4", "Ejercicio4\Ejercicio4.csproj", "{DE35D2FA-D2E5-4DA4-9CE4-49E5BCD044B9}"
EndProject
Project("{FAE04EC0-301F-11D3-BF4B-00C04F79EFBC}") = "Ejercicio5", "Ejercicio5\Ejercicio5.csproj", "{68FCE504-7A52-4A13-9E8A-9CE547A55DCD}"
EndProject
Project("{FAE04EC0-301F-11D3-BF4B-00C04F79EFBC}") = "Ejercicio6", "Ejercicio6\Ejercicio6.csproj", "{59B0A022-8EC1-48E7-8E1B-C2075381BFC4}"
EndProject
Project("{2150E333-8FDC-42A3-9474-1A3956D46DE8}") = "Parte A", "Parte A", "{6FA7E121-3942-40A3-836F-610E46E825DD}"
EndProject
Global
	GlobalSection(SolutionConfigurationPlatforms) = preSolution
		Debug|Any CPU = Debug|Any CPU
		Release|Any CPU = Release|Any CPU
	EndGlobalSection
	GlobalSection(ProjectConfigurationPlatforms) = postSolution
		{313E23BA-FB2F-4902-85D1-CA2C39979474}.Debug|Any CPU.ActiveCfg = Debug|Any CPU
		{313E23BA-FB2F-4902-85D1-CA2C39979474}.Debug|Any CPU.Build.0 = Debug|Any CPU
		{313E23BA-FB2F-4902-85D1-CA2C39979474}.Release|Any CPU.ActiveCfg = Release|Any CPU
		{313E23BA-FB2F-4902-85D1-CA2C39979474}.Release|Any CPU.Build.0 = Release|Any CPU
		{94F2E078-2441-4023-84BF-BBA6E40B0A06}.Debug|Any CPU.ActiveCfg = Debug|Any CPU
		{94F2E078-2441-4023-84BF-BBA6E40B0A06}.Debug|Any CPU.Build.0 = Debug|Any CPU
		{94F2E078-2441-4023-84BF-BBA6E40B0A06}.Release|Any CPU.ActiveCfg = Release|Any CPU
		{94F2E078-2441-4023-84BF-BBA6E40B0A06}.Release|Any CPU.Build.0 = Release|Any CPU
		{9DFCF265-6F76-4603-9957-ED7DDAAE674C}.Debug|Any CPU.ActiveCfg = Debug|Any CPU
		{9DFCF265-6F76-4603-9957-ED7DDAAE674C}.Debug|Any CPU.Build.0 = Debug|Any CPU
		{9DFCF265-6F76-4603-9957-ED7DDAAE674C}.Release|Any CPU.ActiveCfg = Release|Any CPU
		{9DFCF265-6F76-4603-9957-ED7DDAAE674C}.Release|Any CPU.Build.0 = Release|Any CPU
		{DE35D2FA-D2E5-4DA4-9CE4-49E5BCD044B9}.Debug|Any CPU.ActiveCfg = Debug|Any CPU
		{DE35D2FA-D2E5-4DA4-9CE4-49E5BCD044B9}.Debug|Any CPU.Build.0 = Debug|Any CPU
		{DE35D2FA-D2E5-4DA4-9CE4-49E5BCD044B9}.Release|Any CPU.ActiveCfg = Release|Any CPU
		{DE35D2FA-D2E5-4DA4-9CE4-49E5BCD044B9}.Release|Any CPU.Build.0 = Release|Any CPU
		{68FCE504-7A52-4A13-9E8A-9CE547A55DCD}.Debug|Any CPU.ActiveCfg = Debug|Any CPU
		{68FCE504-7A52-4A13-9E8A-9CE547A55DCD}.Debug|Any CPU.Build.0 = Debug|Any CPU
		{68FCE504-7A52-4A13-9E8A-9CE547A55DCD}.Release|Any CPU.ActiveCfg = Release|Any CPU
		{68FCE504-7A52-4A13-9E8A-9CE547A55DCD}.Release|Any CPU.Build.0 = Release|Any CPU
		{59B0A022-8EC1-48E7-8E1B-C2075381BFC4}.Debug|Any CPU.ActiveCfg = Debug|Any CPU
		{59B0A022-8EC1-48E7-8E1B-C2075381BFC4}.Debug|Any CPU.Build.0 = Debug|Any CPU
		{59B0A022-8EC1-48E7-8E1B-C2075381BFC4}.Release|Any CPU.ActiveCfg = Release|Any CPU
		{59B0A022-8EC1-48E7-8E1B-C2075381BFC4}.Release|Any CPU.Build.0 = Release|Any CPU
	EndGlobalSection
	GlobalSection(SolutionProperties) = preSolution
		HideSolutionNode = FALSE
	EndGlobalSection
	GlobalSection(NestedProjects) = preSolution
		{313E23BA-FB2F-4902-85D1-CA2C39979474} = {6FA7E121-3942-40A3-836F-610E46E825DD}
		{94F2E078-2441-4023-84BF-BBA6E40B0A06} = {6FA7E121-3942-40A3-836F-610E46E825DD}
		{9DFCF265-6F76-4603-9957-ED7DDAAE674C} = {6FA7E121-3942-40A3-836F-610E46E825DD}
		{DE35D2FA-D2E5-4DA4-9CE4-49E5BCD044B9} = {6FA7E121-3942-40A3-836F-610E46E825DD}
		{68FCE504-7A52-4A13-9E8A-9CE547A55DCD} = {6FA7E121-3942-40A3-836F-610E46E825DD}
		{59B0A022-8EC1-48E7-8E1B-C2075381BFC4} = {6FA7E121-3942-40A3-836F-610E46E825DD}
	EndGlobalSection
	GlobalSection(ExtensibilityGlobals) = postSolution
		SolutionGuid = {B30E548C-9DA3-4978-B4D0-B95FB01FD08B}
	EndGlobalSection
EndGlobal
